# This file is generated by running "yarn install" inside your project.
# Manual changes might be lost - proceed with caution!

__metadata:
  version: 8
  cacheKey: 10c0

"@zkpassport/poseidon2@npm:^0.6.1":
  version: 0.6.2
  resolution: "@zkpassport/poseidon2@npm:0.6.2"
  checksum: 10c0/b653fb71261a71f57202e0994217ae7e3b2cb340ee9ecd3803fcf783d5d7ff4c212137a07702ba7af31b74b6412d6969a903aa83b0ecec613a47ed6063a062fb
  languageName: node
  linkType: hard

"poseidon-lite@npm:^0.3.0":
  version: 0.3.0
  resolution: "poseidon-lite@npm:0.3.0"
  checksum: 10c0/03494ea69be0dc3ced055b7f1505ff73848002c68332d52a5cf5f00d1a657693317e1ffc790b84ccaf9a0f5f61bf05e1a453eab60c385c98701a6580edead49c
  languageName: node
  linkType: hard

"zkbadge-starknet@workspace:.":
  version: 0.0.0-use.local
  resolution: "zkbadge-starknet@workspace:."
  dependencies:
    "@zkpassport/poseidon2": "npm:^0.6.1"
    poseidon-lite: "npm:^0.3.0"
  languageName: unknown
  linkType: soft
