# THIS IS AN AUTOGENERATED FILE. DO NOT EDIT THIS FILE DIRECTLY.
# yarn lockfile v1


poseidon-lite@^0.3.0:
  version "0.3.0"
  resolved "https://registry.npmjs.org/poseidon-lite/-/poseidon-lite-0.3.0.tgz"
  integrity sha512-ilJj4MIve4uBEG7SrtPqUUNkvpJ/pLVbndxa0WvebcQqeIhe+h72JR4g0EvwchUzm9sOQDlOjiDNmRAgxNZl4A==
